
Microsoft Visual Studio Solution File, Format Version 12.00
# Visual Studio 14
VisualStudioVersion = 14.0.24720.0
MinimumVisualStudioVersion = 10.0.40219.1
Project("{FAE04EC0-301F-11D3-BF4B-00C04F79EFBC}") = "WebDeveloper", "WebDeveloperFinal\WebDeveloper.csproj", "{B462EF7D-B5FF-49DC-B669-C8261E6BC7DB}"
EndProject
Project("{FAE04EC0-301F-11D3-BF4B-00C04F79EFBC}") = "WebDeveloper.Model", "WebDeveloper.Model\WebDeveloper.Model.csproj", "{4560664D-81BD-422C-937E-95280F943B56}"
EndProject
Project("{FAE04EC0-301F-11D3-BF4B-00C04F79EFBC}") = "WebDeveloperDataAccess", "WebDeveloperDataAccess\WebDeveloperDataAccess.csproj", "{53B4632C-05A4-4630-AF2A-4A4D635C7A3A}"
EndProject
Global
	GlobalSection(SolutionConfigurationPlatforms) = preSolution
		Debug|Any CPU = Debug|Any CPU
		Release|Any CPU = Release|Any CPU
	EndGlobalSection
	GlobalSection(ProjectConfigurationPlatforms) = postSolution
		{B462EF7D-B5FF-49DC-B669-C8261E6BC7DB}.Debug|Any CPU.ActiveCfg = Debug|Any CPU
		{B462EF7D-B5FF-49DC-B669-C8261E6BC7DB}.Debug|Any CPU.Build.0 = Debug|Any CPU
		{B462EF7D-B5FF-49DC-B669-C8261E6BC7DB}.Release|Any CPU.ActiveCfg = Release|Any CPU
		{B462EF7D-B5FF-49DC-B669-C8261E6BC7DB}.Release|Any CPU.Build.0 = Release|Any CPU
		{4560664D-81BD-422C-937E-95280F943B56}.Debug|Any CPU.ActiveCfg = Debug|Any CPU
		{4560664D-81BD-422C-937E-95280F943B56}.Debug|Any CPU.Build.0 = Debug|Any CPU
		{4560664D-81BD-422C-937E-95280F943B56}.Release|Any CPU.ActiveCfg = Release|Any CPU
		{4560664D-81BD-422C-937E-95280F943B56}.Release|Any CPU.Build.0 = Release|Any CPU
		{53B4632C-05A4-4630-AF2A-4A4D635C7A3A}.Debug|Any CPU.ActiveCfg = Debug|Any CPU
		{53B4632C-05A4-4630-AF2A-4A4D635C7A3A}.Debug|Any CPU.Build.0 = Debug|Any CPU
		{53B4632C-05A4-4630-AF2A-4A4D635C7A3A}.Release|Any CPU.ActiveCfg = Release|Any CPU
		{53B4632C-05A4-4630-AF2A-4A4D635C7A3A}.Release|Any CPU.Build.0 = Release|Any CPU
	EndGlobalSection
	GlobalSection(SolutionProperties) = preSolution
		HideSolutionNode = FALSE
	EndGlobalSection
EndGlobal
